
Microsoft Visual Studio Solution File, Format Version 12.00
# Visual Studio 15
VisualStudioVersion = 15.0.27703.2035
MinimumVisualStudioVersion = 10.0.40219.1
Project("{FAE04EC0-301F-11D3-BF4B-00C04F79EFBC}") = "MVC5CourseHomework", "MVC5CourseHomework\MVC5CourseHomework.csproj", "{21B52780-352A-4D4C-B9FE-D13D8FFDFBDB}"
EndProject
Project("{2150E333-8FDC-42A3-9474-1A3956D46DE8}") = "Solution Items", "Solution Items", "{00DCC1EE-D3C5-4579-9581-FC3155E49AF3}"
	ProjectSection(SolutionItems) = preProject
		README.md = README.md
	EndProjectSection
EndProject
Global
	GlobalSection(SolutionConfigurationPlatforms) = preSolution
		Debug|Any CPU = Debug|Any CPU
		Release|Any CPU = Release|Any CPU
	EndGlobalSection
	GlobalSection(ProjectConfigurationPlatforms) = postSolution
		{21B52780-352A-4D4C-B9FE-D13D8FFDFBDB}.Debug|Any CPU.ActiveCfg = Debug|Any CPU
		{21B52780-352A-4D4C-B9FE-D13D8FFDFBDB}.Debug|Any CPU.Build.0 = Debug|Any CPU
		{21B52780-352A-4D4C-B9FE-D13D8FFDFBDB}.Release|Any CPU.ActiveCfg = Release|Any CPU
		{21B52780-352A-4D4C-B9FE-D13D8FFDFBDB}.Release|Any CPU.Build.0 = Release|Any CPU
	EndGlobalSection
	GlobalSection(SolutionProperties) = preSolution
		HideSolutionNode = FALSE
	EndGlobalSection
	GlobalSection(ExtensibilityGlobals) = postSolution
		SolutionGuid = {3527BB72-2898-4CF8-8E6A-B8420165BF78}
	EndGlobalSection
EndGlobal
